# This file is automatically @generated by Cargo.
# It is not intended for manual editing.
version = 4

[[package]]
name = "ai"
version = "0.1.0"
dependencies = [
 "ai-sys",
]

[[package]]
name = "ai-sys"
version = "0.1.0"

[[package]]
name = "ai-zig-rust-chat"
version = "0.1.0"
dependencies = [
 "ai",
]
